
Microsoft Visual Studio Solution File, Format Version 12.00
# Visual Studio Version 16
VisualStudioVersion = 16.0.32002.261
MinimumVisualStudioVersion = 10.0.40219.1
Project("{9A19103F-16F7-4668-BE54-9A1E7A4F7556}") = "1.1", "1.1\1.1.csproj", "{1F556E94-6C1E-4714-90C6-7ACF31042886}"
EndProject
Project("{9A19103F-16F7-4668-BE54-9A1E7A4F7556}") = "1.2", "1.2\1.2.csproj", "{0D241F5D-D4EE-4D9E-AEE6-96CA4DAADBD6}"
EndProject
Project("{2150E333-8FDC-42A3-9474-1A3956D46DE8}") = "1", "1", "{93831BDB-B420-4430-BEBE-F6290DA9EFFE}"
EndProject
Project("{2150E333-8FDC-42A3-9474-1A3956D46DE8}") = "2", "2", "{32234C6A-7AD0-427C-B035-3A8588F8AF9E}"
EndProject
Project("{9A19103F-16F7-4668-BE54-9A1E7A4F7556}") = "2.1", "2.1\2.1.csproj", "{8737DC5D-36C4-4BF0-B176-D88604695F1A}"
EndProject
Project("{2150E333-8FDC-42A3-9474-1A3956D46DE8}") = "3", "3", "{35E145AA-7C00-41E1-9FB4-610B07830706}"
EndProject
Project("{FAE04EC0-301F-11D3-BF4B-00C04F79EFBC}") = "3.1", "3.1\3.1.csproj", "{BC2D2811-D792-4F29-970E-3A3F9FA31F8F}"
EndProject
Project("{FAE04EC0-301F-11D3-BF4B-00C04F79EFBC}") = "3.2", "3.2\3.2.csproj", "{1C1A9DBE-C1C3-43CF-A885-F91BE61FAD75}"
EndProject
Project("{FAE04EC0-301F-11D3-BF4B-00C04F79EFBC}") = "3.3", "3.3\3.3.csproj", "{B7D32AAA-3D02-4203-9FE5-B4A9A523F9E2}"
EndProject
Global
	GlobalSection(SolutionConfigurationPlatforms) = preSolution
		Debug|Any CPU = Debug|Any CPU
		Release|Any CPU = Release|Any CPU
	EndGlobalSection
	GlobalSection(ProjectConfigurationPlatforms) = postSolution
		{1F556E94-6C1E-4714-90C6-7ACF31042886}.Debug|Any CPU.ActiveCfg = Debug|Any CPU
		{1F556E94-6C1E-4714-90C6-7ACF31042886}.Debug|Any CPU.Build.0 = Debug|Any CPU
		{1F556E94-6C1E-4714-90C6-7ACF31042886}.Release|Any CPU.ActiveCfg = Release|Any CPU
		{1F556E94-6C1E-4714-90C6-7ACF31042886}.Release|Any CPU.Build.0 = Release|Any CPU
		{0D241F5D-D4EE-4D9E-AEE6-96CA4DAADBD6}.Debug|Any CPU.ActiveCfg = Debug|Any CPU
		{0D241F5D-D4EE-4D9E-AEE6-96CA4DAADBD6}.Debug|Any CPU.Build.0 = Debug|Any CPU
		{0D241F5D-D4EE-4D9E-AEE6-96CA4DAADBD6}.Release|Any CPU.ActiveCfg = Release|Any CPU
		{0D241F5D-D4EE-4D9E-AEE6-96CA4DAADBD6}.Release|Any CPU.Build.0 = Release|Any CPU
		{8737DC5D-36C4-4BF0-B176-D88604695F1A}.Debug|Any CPU.ActiveCfg = Debug|Any CPU
		{8737DC5D-36C4-4BF0-B176-D88604695F1A}.Debug|Any CPU.Build.0 = Debug|Any CPU
		{8737DC5D-36C4-4BF0-B176-D88604695F1A}.Release|Any CPU.ActiveCfg = Release|Any CPU
		{8737DC5D-36C4-4BF0-B176-D88604695F1A}.Release|Any CPU.Build.0 = Release|Any CPU
		{BC2D2811-D792-4F29-970E-3A3F9FA31F8F}.Debug|Any CPU.ActiveCfg = Debug|Any CPU
		{BC2D2811-D792-4F29-970E-3A3F9FA31F8F}.Debug|Any CPU.Build.0 = Debug|Any CPU
		{BC2D2811-D792-4F29-970E-3A3F9FA31F8F}.Release|Any CPU.ActiveCfg = Release|Any CPU
		{BC2D2811-D792-4F29-970E-3A3F9FA31F8F}.Release|Any CPU.Build.0 = Release|Any CPU
		{1C1A9DBE-C1C3-43CF-A885-F91BE61FAD75}.Debug|Any CPU.ActiveCfg = Debug|Any CPU
		{1C1A9DBE-C1C3-43CF-A885-F91BE61FAD75}.Debug|Any CPU.Build.0 = Debug|Any CPU
		{1C1A9DBE-C1C3-43CF-A885-F91BE61FAD75}.Release|Any CPU.ActiveCfg = Release|Any CPU
		{1C1A9DBE-C1C3-43CF-A885-F91BE61FAD75}.Release|Any CPU.Build.0 = Release|Any CPU
		{B7D32AAA-3D02-4203-9FE5-B4A9A523F9E2}.Debug|Any CPU.ActiveCfg = Debug|Any CPU
		{B7D32AAA-3D02-4203-9FE5-B4A9A523F9E2}.Debug|Any CPU.Build.0 = Debug|Any CPU
		{B7D32AAA-3D02-4203-9FE5-B4A9A523F9E2}.Release|Any CPU.ActiveCfg = Release|Any CPU
		{B7D32AAA-3D02-4203-9FE5-B4A9A523F9E2}.Release|Any CPU.Build.0 = Release|Any CPU
	EndGlobalSection
	GlobalSection(SolutionProperties) = preSolution
		HideSolutionNode = FALSE
	EndGlobalSection
	GlobalSection(NestedProjects) = preSolution
		{1F556E94-6C1E-4714-90C6-7ACF31042886} = {93831BDB-B420-4430-BEBE-F6290DA9EFFE}
		{0D241F5D-D4EE-4D9E-AEE6-96CA4DAADBD6} = {93831BDB-B420-4430-BEBE-F6290DA9EFFE}
		{8737DC5D-36C4-4BF0-B176-D88604695F1A} = {32234C6A-7AD0-427C-B035-3A8588F8AF9E}
		{BC2D2811-D792-4F29-970E-3A3F9FA31F8F} = {35E145AA-7C00-41E1-9FB4-610B07830706}
		{1C1A9DBE-C1C3-43CF-A885-F91BE61FAD75} = {35E145AA-7C00-41E1-9FB4-610B07830706}
		{B7D32AAA-3D02-4203-9FE5-B4A9A523F9E2} = {35E145AA-7C00-41E1-9FB4-610B07830706}
	EndGlobalSection
	GlobalSection(ExtensibilityGlobals) = postSolution
		SolutionGuid = {1A345DE0-3AEE-4887-A4D7-47811CA40D20}
	EndGlobalSection
EndGlobal
