
Microsoft Visual Studio Solution File, Format Version 12.00
# Visual Studio Version 16
VisualStudioVersion = 16.0.32002.261
MinimumVisualStudioVersion = 10.0.40219.1
Project("{FAE04EC0-301F-11D3-BF4B-00C04F79EFBC}") = "1.1", "1.1\1.1.csproj", "{1F556E94-6C1E-4714-90C6-7ACF31042886}"
EndProject
Project("{FAE04EC0-301F-11D3-BF4B-00C04F79EFBC}") = "1.2", "1.2\1.2.csproj", "{0D241F5D-D4EE-4D9E-AEE6-96CA4DAADBD6}"
EndProject
Global
	GlobalSection(SolutionConfigurationPlatforms) = preSolution
		Debug|Any CPU = Debug|Any CPU
		Release|Any CPU = Release|Any CPU
	EndGlobalSection
	GlobalSection(ProjectConfigurationPlatforms) = postSolution
		{1F556E94-6C1E-4714-90C6-7ACF31042886}.Debug|Any CPU.ActiveCfg = Debug|Any CPU
		{1F556E94-6C1E-4714-90C6-7ACF31042886}.Debug|Any CPU.Build.0 = Debug|Any CPU
		{1F556E94-6C1E-4714-90C6-7ACF31042886}.Release|Any CPU.ActiveCfg = Release|Any CPU
		{1F556E94-6C1E-4714-90C6-7ACF31042886}.Release|Any CPU.Build.0 = Release|Any CPU
		{0D241F5D-D4EE-4D9E-AEE6-96CA4DAADBD6}.Debug|Any CPU.ActiveCfg = Debug|Any CPU
		{0D241F5D-D4EE-4D9E-AEE6-96CA4DAADBD6}.Debug|Any CPU.Build.0 = Debug|Any CPU
		{0D241F5D-D4EE-4D9E-AEE6-96CA4DAADBD6}.Release|Any CPU.ActiveCfg = Release|Any CPU
		{0D241F5D-D4EE-4D9E-AEE6-96CA4DAADBD6}.Release|Any CPU.Build.0 = Release|Any CPU
	EndGlobalSection
	GlobalSection(SolutionProperties) = preSolution
		HideSolutionNode = FALSE
	EndGlobalSection
	GlobalSection(ExtensibilityGlobals) = postSolution
		SolutionGuid = {1A345DE0-3AEE-4887-A4D7-47811CA40D20}
	EndGlobalSection
EndGlobal
